
Microsoft Visual Studio Solution File, Format Version 12.00
# Visual Studio Version 16
VisualStudioVersion = 16.0.28803.156
MinimumVisualStudioVersion = 10.0.40219.1
Project("{FAE04EC0-301F-11D3-BF4B-00C04F79EFBC}") = "DLOverload", "DLOverload\DLOverload.csproj", "{9627991D-D1D9-47D2-879E-E40821F54C68}"
EndProject
Global
	GlobalSection(SolutionConfigurationPlatforms) = preSolution
		Debug|Any CPU = Debug|Any CPU
		Release|Any CPU = Release|Any CPU
	EndGlobalSection
	GlobalSection(ProjectConfigurationPlatforms) = postSolution
		{9627991D-D1D9-47D2-879E-E40821F54C68}.Debug|Any CPU.ActiveCfg = Debug|Any CPU
		{9627991D-D1D9-47D2-879E-E40821F54C68}.Debug|Any CPU.Build.0 = Debug|Any CPU
		{9627991D-D1D9-47D2-879E-E40821F54C68}.Release|Any CPU.ActiveCfg = Release|Any CPU
		{9627991D-D1D9-47D2-879E-E40821F54C68}.Release|Any CPU.Build.0 = Release|Any CPU
	EndGlobalSection
	GlobalSection(SolutionProperties) = preSolution
		HideSolutionNode = FALSE
	EndGlobalSection
	GlobalSection(ExtensibilityGlobals) = postSolution
		SolutionGuid = {247D6A86-1D7A-4D53-B8FA-1EF21F70BAA0}
	EndGlobalSection
EndGlobal
